
Microsoft Visual Studio Solution File, Format Version 12.00
# Visual Studio Version 16
VisualStudioVersion = 16.0.32602.291
MinimumVisualStudioVersion = 10.0.40219.1
Project("{FAE04EC0-301F-11D3-BF4B-00C04F79EFBC}") = "Aplikacija_Git_Test", "Aplikacija_Git_Test\Aplikacija_Git_Test.csproj", "{05AC093F-6F89-47C0-8BAD-A23C74562566}"
EndProject
Global
	GlobalSection(SolutionConfigurationPlatforms) = preSolution
		Debug|Any CPU = Debug|Any CPU
		Release|Any CPU = Release|Any CPU
	EndGlobalSection
	GlobalSection(ProjectConfigurationPlatforms) = postSolution
		{05AC093F-6F89-47C0-8BAD-A23C74562566}.Debug|Any CPU.ActiveCfg = Debug|Any CPU
		{05AC093F-6F89-47C0-8BAD-A23C74562566}.Debug|Any CPU.Build.0 = Debug|Any CPU
		{05AC093F-6F89-47C0-8BAD-A23C74562566}.Release|Any CPU.ActiveCfg = Release|Any CPU
		{05AC093F-6F89-47C0-8BAD-A23C74562566}.Release|Any CPU.Build.0 = Release|Any CPU
	EndGlobalSection
	GlobalSection(SolutionProperties) = preSolution
		HideSolutionNode = FALSE
	EndGlobalSection
	GlobalSection(ExtensibilityGlobals) = postSolution
		SolutionGuid = {76B55535-0548-41B5-B2AD-6345ED862B3D}
	EndGlobalSection
EndGlobal
